
Microsoft Visual Studio Solution File, Format Version 12.00
# Visual Studio Version 16
VisualStudioVersion = 16.0.31624.102
MinimumVisualStudioVersion = 10.0.40219.1
Project("{FAE04EC0-301F-11D3-BF4B-00C04F79EFBC}") = "M3UPlaylistCreator", "M3UPlaylistCreator.csproj", "{78C5A4DC-0F91-47FB-B6F3-BA4A3C078F3A}"
EndProject
Global
	GlobalSection(SolutionConfigurationPlatforms) = preSolution
		Debug|Any CPU = Debug|Any CPU
		Release|Any CPU = Release|Any CPU
	EndGlobalSection
	GlobalSection(ProjectConfigurationPlatforms) = postSolution
		{78C5A4DC-0F91-47FB-B6F3-BA4A3C078F3A}.Debug|Any CPU.ActiveCfg = Debug|Any CPU
		{78C5A4DC-0F91-47FB-B6F3-BA4A3C078F3A}.Debug|Any CPU.Build.0 = Debug|Any CPU
		{78C5A4DC-0F91-47FB-B6F3-BA4A3C078F3A}.Release|Any CPU.ActiveCfg = Release|Any CPU
		{78C5A4DC-0F91-47FB-B6F3-BA4A3C078F3A}.Release|Any CPU.Build.0 = Release|Any CPU
	EndGlobalSection
	GlobalSection(SolutionProperties) = preSolution
		HideSolutionNode = FALSE
	EndGlobalSection
	GlobalSection(ExtensibilityGlobals) = postSolution
		SolutionGuid = {B7300A1F-47EF-4F0C-B956-BBEA80BBFE53}
	EndGlobalSection
EndGlobal
